{
  "name": "adrpg",
  "version": "not used",
  "lockfileVersion": 3,
  "requires": true,
  "packages": {
    "": {
      "name": "adrpg",
      "license": "UNLICENSED",
      "dependencies": {
        "melange-cli": "^1.0.0-RC4",
        "melange-css": "^1.0.0-RC4"
      }
    },
    "node_modules/melange-cli": {
      "version": "1.0.0-RC4",
      "resolved": "https://registry.npmjs.org/melange-cli/-/melange-cli-1.0.0-RC4.tgz",
      "integrity": "sha512-QuHxk9BESyYk69F0H9w5yn8YRp/1SOvQsJLiMtTE9Qpfc3IMpl4i5vo2p16DD+/rxHIRqW3N0QjSSoXr/8cPNg==",
      "bin": {
        "melange-css": "src/js/cli/melange.js"
      }
    },
    "node_modules/melange-css": {
      "version": "1.0.0-RC4",
      "resolved": "https://registry.npmjs.org/melange-css/-/melange-css-1.0.0-RC4.tgz",
      "integrity": "sha512-69aFk8VP8gMfBtH/kIa/+c7Uhnx0+GBEdmzINFko//7p/qGfRGqG8atO+7Vxefhdo6nqTJKXBcQBdQkPrT2cKw=="
    }
  }
}
